// !$*UTF8*$!
{
	archiveVersion = 1;
	classes = {
	};
	objectVersion = 48;
	objects = {

/* Begin PBXBuildFile section */
		BD4DAE5A2043A374005586B1 /* CustomPercentInteractiveVC.swift in Sources */ = {isa = PBXBuildFile; fileRef = BD4DAE592043A374005586B1 /* CustomPercentInteractiveVC.swift */; };
		BD4DAE662043A6EB005586B1 /* UINavigationController+FDFullscreenPopGesture.m in Sources */ = {isa = PBXBuildFile; fileRef = BD4DAE642043A6EB005586B1 /* UINavigationController+FDFullscreenPopGesture.m */; };
		BD4DAE692043A847005586B1 /* CustomPercentDrivenInteractiveTransition.swift in Sources */ = {isa = PBXBuildFile; fileRef = BD4DAE682043A847005586B1 /* CustomPercentDrivenInteractiveTransition.swift */; };
		BD4DAE6F2043B158005586B1 /* TestVC.swift in Sources */ = {isa = PBXBuildFile; fileRef = BD4DAE6E2043B158005586B1 /* TestVC.swift */; };
		BD4DAE712043B2CA005586B1 /* UIViewController+interactivePopTransition.swift in Sources */ = {isa = PBXBuildFile; fileRef = BD4DAE702043B2CA005586B1 /* UIViewController+interactivePopTransition.swift */; };
		BD4DAE732043B9BC005586B1 /* CustomPopAnimation.swift in Sources */ = {isa = PBXBuildFile; fileRef = BD4DAE722043B9BC005586B1 /* CustomPopAnimation.swift */; };
		BD76894E202C41DF00E93FC6 /* WaveView.swift in Sources */ = {isa = PBXBuildFile; fileRef = BD76894D202C41DF00E93FC6 /* WaveView.swift */; };
		BD768950202C41FD00E93FC6 /* WaveImageV.swift in Sources */ = {isa = PBXBuildFile; fileRef = BD76894F202C41FD00E93FC6 /* WaveImageV.swift */; };
		BD76895B202D9E1800E93FC6 /* NewYearAdView.swift in Sources */ = {isa = PBXBuildFile; fileRef = BD76895A202D9E1800E93FC6 /* NewYearAdView.swift */; };
		BD76895D202D9F5900E93FC6 /* UIImageView+IOSUtil.swift in Sources */ = {isa = PBXBuildFile; fileRef = BD76895C202D9F5900E93FC6 /* UIImageView+IOSUtil.swift */; };
		BDC312A9202A97AE00AAE6E7 /* AppDelegate.swift in Sources */ = {isa = PBXBuildFile; fileRef = BDC312A8202A97AE00AAE6E7 /* AppDelegate.swift */; };
		BDC312B0202A97AE00AAE6E7 /* Assets.xcassets in Resources */ = {isa = PBXBuildFile; fileRef = BDC312AF202A97AE00AAE6E7 /* Assets.xcassets */; };
		BDC312BB202A981B00AAE6E7 /* BaseVC.swift in Sources */ = {isa = PBXBuildFile; fileRef = BDC312BA202A981B00AAE6E7 /* BaseVC.swift */; };
		BDC312BD202A982C00AAE6E7 /* FirstVC.swift in Sources */ = {isa = PBXBuildFile; fileRef = BDC312BC202A982C00AAE6E7 /* FirstVC.swift */; };
		BDC312BF202A983900AAE6E7 /* SecondVC.swift in Sources */ = {isa = PBXBuildFile; fileRef = BDC312BE202A983900AAE6E7 /* SecondVC.swift */; };
		BDC312C2202A9A9800AAE6E7 /* PointTransitionPush.swift in Sources */ = {isa = PBXBuildFile; fileRef = BDC312C1202A9A9800AAE6E7 /* PointTransitionPush.swift */; };
		BDC312C4202A9ACA00AAE6E7 /* PointTransitionPop.swift in Sources */ = {isa = PBXBuildFile; fileRef = BDC312C3202A9ACA00AAE6E7 /* PointTransitionPop.swift */; };
		BDC312C9202AE58B00AAE6E7 /* ThirdVC.swift in Sources */ = {isa = PBXBuildFile; fileRef = BDC312C8202AE58B00AAE6E7 /* ThirdVC.swift */; };
		BDC312D2202BEB0300AAE6E7 /* CATransitionPush.swift in Sources */ = {isa = PBXBuildFile; fileRef = BDC312D1202BEB0300AAE6E7 /* CATransitionPush.swift */; };
		BDC312D4202BEC9500AAE6E7 /* FourVC.swift in Sources */ = {isa = PBXBuildFile; fileRef = BDC312D3202BEC9500AAE6E7 /* FourVC.swift */; };
		BDC312D6202BFA4B00AAE6E7 /* FiveVC.swift in Sources */ = {isa = PBXBuildFile; fileRef = BDC312D5202BFA4B00AAE6E7 /* FiveVC.swift */; };
		BDC312D8202BFA9100AAE6E7 /* UIImage+Extension.swift in Sources */ = {isa = PBXBuildFile; fileRef = BDC312D7202BFA9100AAE6E7 /* UIImage+Extension.swift */; };
		D737D563D9F7A226CB7BF350 /* Pods_SwiftPushTransition.framework in Frameworks */ = {isa = PBXBuildFile; fileRef = 359DEC4899A3DCA457DF7A6F /* Pods_SwiftPushTransition.framework */; };
/* End PBXBuildFile section */

/* Begin PBXFileReference section */
		359DEC4899A3DCA457DF7A6F /* Pods_SwiftPushTransition.framework */ = {isa = PBXFileReference; explicitFileType = wrapper.framework; includeInIndex = 0; path = Pods_SwiftPushTransition.framework; sourceTree = BUILT_PRODUCTS_DIR; };
		8E113BA7770220DC874F6643 /* Pods-SwiftPushTransition.debug.xcconfig */ = {isa = PBXFileReference; includeInIndex = 1; lastKnownFileType = text.xcconfig; name = "Pods-SwiftPushTransition.debug.xcconfig"; path = "Pods/Target Support Files/Pods-SwiftPushTransition/Pods-SwiftPushTransition.debug.xcconfig"; sourceTree = "<group>"; };
		9A9240B0BBC18FB6FDF9B76D /* Pods-SwiftPushTransition.release.xcconfig */ = {isa = PBXFileReference; includeInIndex = 1; lastKnownFileType = text.xcconfig; name = "Pods-SwiftPushTransition.release.xcconfig"; path = "Pods/Target Support Files/Pods-SwiftPushTransition/Pods-SwiftPushTransition.release.xcconfig"; sourceTree = "<group>"; };
		BD4DAE592043A374005586B1 /* CustomPercentInteractiveVC.swift */ = {isa = PBXFileReference; lastKnownFileType = sourcecode.swift; path = CustomPercentInteractiveVC.swift; sourceTree = "<group>"; };
		BD4DAE5D2043A4B3005586B1 /* SwiftPushTransition-Bridging-Header.h */ = {isa = PBXFileReference; lastKnownFileType = sourcecode.c.h; path = "SwiftPushTransition-Bridging-Header.h"; sourceTree = "<group>"; };
		BD4DAE642043A6EB005586B1 /* UINavigationController+FDFullscreenPopGesture.m */ = {isa = PBXFileReference; fileEncoding = 4; lastKnownFileType = sourcecode.c.objc; path = "UINavigationController+FDFullscreenPopGesture.m"; sourceTree = "<group>"; };
		BD4DAE652043A6EB005586B1 /* UINavigationController+FDFullscreenPopGesture.h */ = {isa = PBXFileReference; fileEncoding = 4; lastKnownFileType = sourcecode.c.h; path = "UINavigationController+FDFullscreenPopGesture.h"; sourceTree = "<group>"; };
		BD4DAE682043A847005586B1 /* CustomPercentDrivenInteractiveTransition.swift */ = {isa = PBXFileReference; lastKnownFileType = sourcecode.swift; path = CustomPercentDrivenInteractiveTransition.swift; sourceTree = "<group>"; };
		BD4DAE6E2043B158005586B1 /* TestVC.swift */ = {isa = PBXFileReference; lastKnownFileType = sourcecode.swift; path = TestVC.swift; sourceTree = "<group>"; };
		BD4DAE702043B2CA005586B1 /* UIViewController+interactivePopTransition.swift */ = {isa = PBXFileReference; lastKnownFileType = sourcecode.swift; path = "UIViewController+interactivePopTransition.swift"; sourceTree = "<group>"; };
		BD4DAE722043B9BC005586B1 /* CustomPopAnimation.swift */ = {isa = PBXFileReference; lastKnownFileType = sourcecode.swift; path = CustomPopAnimation.swift; sourceTree = "<group>"; };
		BD76894D202C41DF00E93FC6 /* WaveView.swift */ = {isa = PBXFileReference; fileEncoding = 4; lastKnownFileType = sourcecode.swift; path = WaveView.swift; sourceTree = "<group>"; };
		BD76894F202C41FD00E93FC6 /* WaveImageV.swift */ = {isa = PBXFileReference; lastKnownFileType = sourcecode.swift; path = WaveImageV.swift; sourceTree = "<group>"; };
		BD76895A202D9E1800E93FC6 /* NewYearAdView.swift */ = {isa = PBXFileReference; fileEncoding = 4; lastKnownFileType = sourcecode.swift; path = NewYearAdView.swift; sourceTree = "<group>"; };
		BD76895C202D9F5900E93FC6 /* UIImageView+IOSUtil.swift */ = {isa = PBXFileReference; fileEncoding = 4; lastKnownFileType = sourcecode.swift; path = "UIImageView+IOSUtil.swift"; sourceTree = "<group>"; };
		BDC312A5202A97AE00AAE6E7 /* SwiftPushTransition.app */ = {isa = PBXFileReference; explicitFileType = wrapper.application; includeInIndex = 0; path = SwiftPushTransition.app; sourceTree = BUILT_PRODUCTS_DIR; };
		BDC312A8202A97AE00AAE6E7 /* AppDelegate.swift */ = {isa = PBXFileReference; lastKnownFileType = sourcecode.swift; path = AppDelegate.swift; sourceTree = "<group>"; };
		BDC312AF202A97AE00AAE6E7 /* Assets.xcassets */ = {isa = PBXFileReference; lastKnownFileType = folder.assetcatalog; path = Assets.xcassets; sourceTree = "<group>"; };
		BDC312B4202A97AE00AAE6E7 /* Info.plist */ = {isa = PBXFileReference; lastKnownFileType = text.plist.xml; path = Info.plist; sourceTree = "<group>"; };
		BDC312BA202A981B00AAE6E7 /* BaseVC.swift */ = {isa = PBXFileReference; lastKnownFileType = sourcecode.swift; path = BaseVC.swift; sourceTree = "<group>"; };
		BDC312BC202A982C00AAE6E7 /* FirstVC.swift */ = {isa = PBXFileReference; lastKnownFileType = sourcecode.swift; path = FirstVC.swift; sourceTree = "<group>"; };
		BDC312BE202A983900AAE6E7 /* SecondVC.swift */ = {isa = PBXFileReference; lastKnownFileType = sourcecode.swift; path = SecondVC.swift; sourceTree = "<group>"; };
		BDC312C1202A9A9800AAE6E7 /* PointTransitionPush.swift */ = {isa = PBXFileReference; lastKnownFileType = sourcecode.swift; path = PointTransitionPush.swift; sourceTree = "<group>"; };
		BDC312C3202A9ACA00AAE6E7 /* PointTransitionPop.swift */ = {isa = PBXFileReference; lastKnownFileType = sourcecode.swift; path = PointTransitionPop.swift; sourceTree = "<group>"; };
		BDC312C8202AE58B00AAE6E7 /* ThirdVC.swift */ = {isa = PBXFileReference; lastKnownFileType = sourcecode.swift; path = ThirdVC.swift; sourceTree = "<group>"; };
		BDC312D1202BEB0300AAE6E7 /* CATransitionPush.swift */ = {isa = PBXFileReference; lastKnownFileType = sourcecode.swift; path = CATransitionPush.swift; sourceTree = "<group>"; };
		BDC312D3202BEC9500AAE6E7 /* FourVC.swift */ = {isa = PBXFileReference; lastKnownFileType = sourcecode.swift; path = FourVC.swift; sourceTree = "<group>"; };
		BDC312D5202BFA4B00AAE6E7 /* FiveVC.swift */ = {isa = PBXFileReference; lastKnownFileType = sourcecode.swift; path = FiveVC.swift; sourceTree = "<group>"; };
		BDC312D7202BFA9100AAE6E7 /* UIImage+Extension.swift */ = {isa = PBXFileReference; fileEncoding = 4; lastKnownFileType = sourcecode.swift; path = "UIImage+Extension.swift"; sourceTree = "<group>"; };
/* End PBXFileReference section */

/* Begin PBXFrameworksBuildPhase section */
		BDC312A2202A97AE00AAE6E7 /* Frameworks */ = {
			isa = PBXFrameworksBuildPhase;
			buildActionMask = 2147483647;
			files = (
				D737D563D9F7A226CB7BF350 /* Pods_SwiftPushTransition.framework in Frameworks */,
			);
			runOnlyForDeploymentPostprocessing = 0;
		};
/* End PBXFrameworksBuildPhase section */

/* Begin PBXGroup section */
		3E96650E128A0BEDBBEAF0B1 /* Pods */ = {
			isa = PBXGroup;
			children = (
				8E113BA7770220DC874F6643 /* Pods-SwiftPushTransition.debug.xcconfig */,
				9A9240B0BBC18FB6FDF9B76D /* Pods-SwiftPushTransition.release.xcconfig */,
			);
			name = Pods;
			sourceTree = "<group>";
		};
		51FBF15AACB5AA0EE57614FB /* Frameworks */ = {
			isa = PBXGroup;
			children = (
				359DEC4899A3DCA457DF7A6F /* Pods_SwiftPushTransition.framework */,
			);
			name = Frameworks;
			sourceTree = "<group>";
		};
		BD4DAE632043A6D5005586B1 /* 滑动返回 */ = {
			isa = PBXGroup;
			children = (
				BD4DAE652043A6EB005586B1 /* UINavigationController+FDFullscreenPopGesture.h */,
				BD4DAE642043A6EB005586B1 /* UINavigationController+FDFullscreenPopGesture.m */,
			);
			path = "滑动返回";
			sourceTree = "<group>";
		};
		BD4DAE672043A80B005586B1 /* push下拉返回 */ = {
			isa = PBXGroup;
			children = (
				BD4DAE702043B2CA005586B1 /* UIViewController+interactivePopTransition.swift */,
				BD4DAE682043A847005586B1 /* CustomPercentDrivenInteractiveTransition.swift */,
				BD4DAE722043B9BC005586B1 /* CustomPopAnimation.swift */,
			);
			path = "push下拉返回";
			sourceTree = "<group>";
		};
		BD768959202D9E0300E93FC6 /* 过年动画-模仿支付宝 */ = {
			isa = PBXGroup;
			children = (
				BD76895A202D9E1800E93FC6 /* NewYearAdView.swift */,
			);
			path = "过年动画-模仿支付宝";
			sourceTree = "<group>";
		};
		BDC3129C202A97AE00AAE6E7 = {
			isa = PBXGroup;
			children = (
				BDC312A7202A97AE00AAE6E7 /* SwiftPushTransition */,
				BDC312A6202A97AE00AAE6E7 /* Products */,
				3E96650E128A0BEDBBEAF0B1 /* Pods */,
				51FBF15AACB5AA0EE57614FB /* Frameworks */,
			);
			sourceTree = "<group>";
		};
		BDC312A6202A97AE00AAE6E7 /* Products */ = {
			isa = PBXGroup;
			children = (
				BDC312A5202A97AE00AAE6E7 /* SwiftPushTransition.app */,
			);
			name = Products;
			sourceTree = "<group>";
		};
		BDC312A7202A97AE00AAE6E7 /* SwiftPushTransition */ = {
			isa = PBXGroup;
			children = (
				BDC312A8202A97AE00AAE6E7 /* AppDelegate.swift */,
				BDC312BA202A981B00AAE6E7 /* BaseVC.swift */,
				BDC312BC202A982C00AAE6E7 /* FirstVC.swift */,
				BDC312BE202A983900AAE6E7 /* SecondVC.swift */,
				BDC312C8202AE58B00AAE6E7 /* ThirdVC.swift */,
				BDC312D3202BEC9500AAE6E7 /* FourVC.swift */,
				BDC312D5202BFA4B00AAE6E7 /* FiveVC.swift */,
				BD4DAE592043A374005586B1 /* CustomPercentInteractiveVC.swift */,
				BD4DAE6E2043B158005586B1 /* TestVC.swift */,
				BD4DAE672043A80B005586B1 /* push下拉返回 */,
				BD768959202D9E0300E93FC6 /* 过年动画-模仿支付宝 */,
				BDC312D9202BFA9700AAE6E7 /* 工具 */,
				BDC312C0202A9A5600AAE6E7 /* 自定义转场动画 */,
				BDC312AF202A97AE00AAE6E7 /* Assets.xcassets */,
				BDC312B4202A97AE00AAE6E7 /* Info.plist */,
				BD4DAE5D2043A4B3005586B1 /* SwiftPushTransition-Bridging-Header.h */,
			);
			path = SwiftPushTransition;
			sourceTree = "<group>";
		};
		BDC312C0202A9A5600AAE6E7 /* 自定义转场动画 */ = {
			isa = PBXGroup;
			children = (
				BDC312C1202A9A9800AAE6E7 /* PointTransitionPush.swift */,
				BDC312C3202A9ACA00AAE6E7 /* PointTransitionPop.swift */,
				BDC312D0202BEACF00AAE6E7 /* push的动画方向修改 */,
			);
			path = "自定义转场动画";
			sourceTree = "<group>";
		};
		BDC312D0202BEACF00AAE6E7 /* push的动画方向修改 */ = {
			isa = PBXGroup;
			children = (
				BDC312D1202BEB0300AAE6E7 /* CATransitionPush.swift */,
			);
			path = "push的动画方向修改";
			sourceTree = "<group>";
		};
		BDC312D9202BFA9700AAE6E7 /* 工具 */ = {
			isa = PBXGroup;
			children = (
				BD4DAE632043A6D5005586B1 /* 滑动返回 */,
				BD76894D202C41DF00E93FC6 /* WaveView.swift */,
				BD76894F202C41FD00E93FC6 /* WaveImageV.swift */,
				BDC312D7202BFA9100AAE6E7 /* UIImage+Extension.swift */,
				BD76895C202D9F5900E93FC6 /* UIImageView+IOSUtil.swift */,
			);
			path = "工具";
			sourceTree = "<group>";
		};
/* End PBXGroup section */

/* Begin PBXNativeTarget section */
		BDC312A4202A97AE00AAE6E7 /* SwiftPushTransition */ = {
			isa = PBXNativeTarget;
			buildConfigurationList = BDC312B7202A97AE00AAE6E7 /* Build configuration list for PBXNativeTarget "SwiftPushTransition" */;
			buildPhases = (
				702F0304E95F7EB70BB0E28B /* [CP] Check Pods Manifest.lock */,
				BDC312A1202A97AE00AAE6E7 /* Sources */,
				BDC312A2202A97AE00AAE6E7 /* Frameworks */,
				BDC312A3202A97AE00AAE6E7 /* Resources */,
				882B370BBAE94670091385E0 /* [CP] Embed Pods Frameworks */,
				2FBB601D5333658569EEFB76 /* [CP] Copy Pods Resources */,
			);
			buildRules = (
			);
			dependencies = (
			);
			name = SwiftPushTransition;
			productName = SwiftPushTransition;
			productReference = BDC312A5202A97AE00AAE6E7 /* SwiftPushTransition.app */;
			productType = "com.apple.product-type.application";
		};
/* End PBXNativeTarget section */

/* Begin PBXProject section */
		BDC3129D202A97AE00AAE6E7 /* Project object */ = {
			isa = PBXProject;
			attributes = {
				LastSwiftUpdateCheck = 0920;
				LastUpgradeCheck = 0920;
				ORGANIZATIONNAME = zhangmingwei;
				TargetAttributes = {
					BDC312A4202A97AE00AAE6E7 = {
						CreatedOnToolsVersion = 9.2;
						LastSwiftMigration = 0920;
						ProvisioningStyle = Automatic;
					};
				};
			};
			buildConfigurationList = BDC312A0202A97AE00AAE6E7 /* Build configuration list for PBXProject "SwiftPushTransition" */;
			compatibilityVersion = "Xcode 8.0";
			developmentRegion = en;
			hasScannedForEncodings = 0;
			knownRegions = (
				en,
				Base,
			);
			mainGroup = BDC3129C202A97AE00AAE6E7;
			productRefGroup = BDC312A6202A97AE00AAE6E7 /* Products */;
			projectDirPath = "";
			projectRoot = "";
			targets = (
				BDC312A4202A97AE00AAE6E7 /* SwiftPushTransition */,
			);
		};
/* End PBXProject section */

/* Begin PBXResourcesBuildPhase section */
		BDC312A3202A97AE00AAE6E7 /* Resources */ = {
			isa = PBXResourcesBuildPhase;
			buildActionMask = 2147483647;
			files = (
				BDC312B0202A97AE00AAE6E7 /* Assets.xcassets in Resources */,
			);
			runOnlyForDeploymentPostprocessing = 0;
		};
/* End PBXResourcesBuildPhase section */

/* Begin PBXShellScriptBuildPhase section */
		2FBB601D5333658569EEFB76 /* [CP] Copy Pods Resources */ = {
			isa = PBXShellScriptBuildPhase;
			buildActionMask = 2147483647;
			files = (
			);
			inputPaths = (
			);
			name = "[CP] Copy Pods Resources";
			outputPaths = (
			);
			runOnlyForDeploymentPostprocessing = 0;
			shellPath = /bin/sh;
			shellScript = "\"${SRCROOT}/Pods/Target Support Files/Pods-SwiftPushTransition/Pods-SwiftPushTransition-resources.sh\"\n";
			showEnvVarsInLog = 0;
		};
		702F0304E95F7EB70BB0E28B /* [CP] Check Pods Manifest.lock */ = {
			isa = PBXShellScriptBuildPhase;
			buildActionMask = 2147483647;
			files = (
			);
			inputPaths = (
				"${PODS_PODFILE_DIR_PATH}/Podfile.lock",
				"${PODS_ROOT}/Manifest.lock",
			);
			name = "[CP] Check Pods Manifest.lock";
			outputPaths = (
				"$(DERIVED_FILE_DIR)/Pods-SwiftPushTransition-checkManifestLockResult.txt",
			);
			runOnlyForDeploymentPostprocessing = 0;
			shellPath = /bin/sh;
			shellScript = "diff \"${PODS_PODFILE_DIR_PATH}/Podfile.lock\" \"${PODS_ROOT}/Manifest.lock\" > /dev/null\nif [ $? != 0 ] ; then\n    # print error to STDERR\n    echo \"error: The sandbox is not in sync with the Podfile.lock. Run 'pod install' or update your CocoaPods installation.\" >&2\n    exit 1\nfi\n# This output is used by Xcode 'outputs' to avoid re-running this script phase.\necho \"SUCCESS\" > \"${SCRIPT_OUTPUT_FILE_0}\"\n";
			showEnvVarsInLog = 0;
		};
		882B370BBAE94670091385E0 /* [CP] Embed Pods Frameworks */ = {
			isa = PBXShellScriptBuildPhase;
			buildActionMask = 2147483647;
			files = (
			);
			inputPaths = (
				"${SRCROOT}/Pods/Target Support Files/Pods-SwiftPushTransition/Pods-SwiftPushTransition-frameworks.sh",
				"${BUILT_PRODUCTS_DIR}/LazyTransitions/LazyTransitions.framework",
			);
			name = "[CP] Embed Pods Frameworks";
			outputPaths = (
				"${TARGET_BUILD_DIR}/${FRAMEWORKS_FOLDER_PATH}/LazyTransitions.framework",
			);
			runOnlyForDeploymentPostprocessing = 0;
			shellPath = /bin/sh;
			shellScript = "\"${SRCROOT}/Pods/Target Support Files/Pods-SwiftPushTransition/Pods-SwiftPushTransition-frameworks.sh\"\n";
			showEnvVarsInLog = 0;
		};
/* End PBXShellScriptBuildPhase section */

/* Begin PBXSourcesBuildPhase section */
		BDC312A1202A97AE00AAE6E7 /* Sources */ = {
			isa = PBXSourcesBuildPhase;
			buildActionMask = 2147483647;
			files = (
				BD4DAE662043A6EB005586B1 /* UINavigationController+FDFullscreenPopGesture.m in Sources */,
				BDC312D6202BFA4B00AAE6E7 /* FiveVC.swift in Sources */,
				BD4DAE692043A847005586B1 /* CustomPercentDrivenInteractiveTransition.swift in Sources */,
				BDC312D2202BEB0300AAE6E7 /* CATransitionPush.swift in Sources */,
				BDC312BF202A983900AAE6E7 /* SecondVC.swift in Sources */,
				BDC312BD202A982C00AAE6E7 /* FirstVC.swift in Sources */,
				BDC312D4202BEC9500AAE6E7 /* FourVC.swift in Sources */,
				BDC312C4202A9ACA00AAE6E7 /* PointTransitionPop.swift in Sources */,
				BDC312C9202AE58B00AAE6E7 /* ThirdVC.swift in Sources */,
				BD76895B202D9E1800E93FC6 /* NewYearAdView.swift in Sources */,
				BD768950202C41FD00E93FC6 /* WaveImageV.swift in Sources */,
				BD4DAE712043B2CA005586B1 /* UIViewController+interactivePopTransition.swift in Sources */,
				BD76894E202C41DF00E93FC6 /* WaveView.swift in Sources */,
				BD4DAE6F2043B158005586B1 /* TestVC.swift in Sources */,
				BD76895D202D9F5900E93FC6 /* UIImageView+IOSUtil.swift in Sources */,
				BDC312C2202A9A9800AAE6E7 /* PointTransitionPush.swift in Sources */,
				BD4DAE5A2043A374005586B1 /* CustomPercentInteractiveVC.swift in Sources */,
				BDC312BB202A981B00AAE6E7 /* BaseVC.swift in Sources */,
				BD4DAE732043B9BC005586B1 /* CustomPopAnimation.swift in Sources */,
				BDC312D8202BFA9100AAE6E7 /* UIImage+Extension.swift in Sources */,
				BDC312A9202A97AE00AAE6E7 /* AppDelegate.swift in Sources */,
			);
			runOnlyForDeploymentPostprocessing = 0;
		};
/* End PBXSourcesBuildPhase section */

/* Begin XCBuildConfiguration section */
		BDC312B5202A97AE00AAE6E7 /* Debug */ = {
			isa = XCBuildConfiguration;
			buildSettings = {
				ALWAYS_SEARCH_USER_PATHS = NO;
				CLANG_ANALYZER_NONNULL = YES;
				CLANG_ANALYZER_NUMBER_OBJECT_CONVERSION = YES_AGGRESSIVE;
				CLANG_CXX_LANGUAGE_STANDARD = "gnu++14";
				CLANG_CXX_LIBRARY = "libc++";
				CLANG_ENABLE_MODULES = YES;
				CLANG_ENABLE_OBJC_ARC = YES;
				CLANG_WARN_BLOCK_CAPTURE_AUTORELEASING = YES;
				CLANG_WARN_BOOL_CONVERSION = YES;
				CLANG_WARN_COMMA = YES;
				CLANG_WARN_CONSTANT_CONVERSION = YES;
				CLANG_WARN_DIRECT_OBJC_ISA_USAGE = YES_ERROR;
				CLANG_WARN_DOCUMENTATION_COMMENTS = YES;
				CLANG_WARN_EMPTY_BODY = YES;
				CLANG_WARN_ENUM_CONVERSION = YES;
				CLANG_WARN_INFINITE_RECURSION = YES;
				CLANG_WARN_INT_CONVERSION = YES;
				CLANG_WARN_NON_LITERAL_NULL_CONVERSION = YES;
				CLANG_WARN_OBJC_LITERAL_CONVERSION = YES;
				CLANG_WARN_OBJC_ROOT_CLASS = YES_ERROR;
				CLANG_WARN_RANGE_LOOP_ANALYSIS = YES;
				CLANG_WARN_STRICT_PROTOTYPES = YES;
				CLANG_WARN_SUSPICIOUS_MOVE = YES;
				CLANG_WARN_UNGUARDED_AVAILABILITY = YES_AGGRESSIVE;
				CLANG_WARN_UNREACHABLE_CODE = YES;
				CLANG_WARN__DUPLICATE_METHOD_MATCH = YES;
				CODE_SIGN_IDENTITY = "iPhone Developer";
				COPY_PHASE_STRIP = NO;
				DEBUG_INFORMATION_FORMAT = dwarf;
				ENABLE_STRICT_OBJC_MSGSEND = YES;
				ENABLE_TESTABILITY = YES;
				GCC_C_LANGUAGE_STANDARD = gnu11;
				GCC_DYNAMIC_NO_PIC = NO;
				GCC_NO_COMMON_BLOCKS = YES;
				GCC_OPTIMIZATION_LEVEL = 0;
				GCC_PREPROCESSOR_DEFINITIONS = (
					"DEBUG=1",
					"$(inherited)",
				);
				GCC_WARN_64_TO_32_BIT_CONVERSION = YES;
				GCC_WARN_ABOUT_RETURN_TYPE = YES_ERROR;
				GCC_WARN_UNDECLARED_SELECTOR = YES;
				GCC_WARN_UNINITIALIZED_AUTOS = YES_AGGRESSIVE;
				GCC_WARN_UNUSED_FUNCTION = YES;
				GCC_WARN_UNUSED_VARIABLE = YES;
				IPHONEOS_DEPLOYMENT_TARGET = 8.0;
				MTL_ENABLE_DEBUG_INFO = YES;
				ONLY_ACTIVE_ARCH = YES;
				SDKROOT = iphoneos;
				SWIFT_ACTIVE_COMPILATION_CONDITIONS = DEBUG;
				SWIFT_OPTIMIZATION_LEVEL = "-Onone";
			};
			name = Debug;
		};
		BDC312B6202A97AE00AAE6E7 /* Release */ = {
			isa = XCBuildConfiguration;
			buildSettings = {
				ALWAYS_SEARCH_USER_PATHS = NO;
				CLANG_ANALYZER_NONNULL = YES;
				CLANG_ANALYZER_NUMBER_OBJECT_CONVERSION = YES_AGGRESSIVE;
				CLANG_CXX_LANGUAGE_STANDARD = "gnu++14";
				CLANG_CXX_LIBRARY = "libc++";
				CLANG_ENABLE_MODULES = YES;
				CLANG_ENABLE_OBJC_ARC = YES;
				CLANG_WARN_BLOCK_CAPTURE_AUTORELEASING = YES;
				CLANG_WARN_BOOL_CONVERSION = YES;
				CLANG_WARN_COMMA = YES;
				CLANG_WARN_CONSTANT_CONVERSION = YES;
				CLANG_WARN_DIRECT_OBJC_ISA_USAGE = YES_ERROR;
				CLANG_WARN_DOCUMENTATION_COMMENTS = YES;
				CLANG_WARN_EMPTY_BODY = YES;
				CLANG_WARN_ENUM_CONVERSION = YES;
				CLANG_WARN_INFINITE_RECURSION = YES;
				CLANG_WARN_INT_CONVERSION = YES;
				CLANG_WARN_NON_LITERAL_NULL_CONVERSION = YES;
				CLANG_WARN_OBJC_LITERAL_CONVERSION = YES;
				CLANG_WARN_OBJC_ROOT_CLASS = YES_ERROR;
				CLANG_WARN_RANGE_LOOP_ANALYSIS = YES;
				CLANG_WARN_STRICT_PROTOTYPES = YES;
				CLANG_WARN_SUSPICIOUS_MOVE = YES;
				CLANG_WARN_UNGUARDED_AVAILABILITY = YES_AGGRESSIVE;
				CLANG_WARN_UNREACHABLE_CODE = YES;
				CLANG_WARN__DUPLICATE_METHOD_MATCH = YES;
				CODE_SIGN_IDENTITY = "iPhone Developer";
				COPY_PHASE_STRIP = NO;
				DEBUG_INFORMATION_FORMAT = "dwarf-with-dsym";
				ENABLE_NS_ASSERTIONS = NO;
				ENABLE_STRICT_OBJC_MSGSEND = YES;
				GCC_C_LANGUAGE_STANDARD = gnu11;
				GCC_NO_COMMON_BLOCKS = YES;
				GCC_WARN_64_TO_32_BIT_CONVERSION = YES;
				GCC_WARN_ABOUT_RETURN_TYPE = YES_ERROR;
				GCC_WARN_UNDECLARED_SELECTOR = YES;
				GCC_WARN_UNINITIALIZED_AUTOS = YES_AGGRESSIVE;
				GCC_WARN_UNUSED_FUNCTION = YES;
				GCC_WARN_UNUSED_VARIABLE = YES;
				IPHONEOS_DEPLOYMENT_TARGET = 8.0;
				MTL_ENABLE_DEBUG_INFO = NO;
				SDKROOT = iphoneos;
				SWIFT_OPTIMIZATION_LEVEL = "-Owholemodule";
				VALIDATE_PRODUCT = YES;
			};
			name = Release;
		};
		BDC312B8202A97AE00AAE6E7 /* Debug */ = {
			isa = XCBuildConfiguration;
			baseConfigurationReference = 8E113BA7770220DC874F6643 /* Pods-SwiftPushTransition.debug.xcconfig */;
			buildSettings = {
				ASSETCATALOG_COMPILER_APPICON_NAME = AppIcon;
				ASSETCATALOG_COMPILER_LAUNCHIMAGE_NAME = LaunchImage;
				CLANG_ENABLE_MODULES = YES;
				CODE_SIGN_STYLE = Automatic;
				DEVELOPMENT_TEAM = W5J4296433;
				INFOPLIST_FILE = SwiftPushTransition/Info.plist;
				IPHONEOS_DEPLOYMENT_TARGET = 8.0;
				LD_RUNPATH_SEARCH_PATHS = "$(inherited) @executable_path/Frameworks";
				PRODUCT_BUNDLE_IDENTIFIER = com.ios.SwiftPushTransition;
				PRODUCT_NAME = "$(TARGET_NAME)";
				SWIFT_OBJC_BRIDGING_HEADER = "SwiftPushTransition/SwiftPushTransition-Bridging-Header.h";
				SWIFT_OPTIMIZATION_LEVEL = "-Onone";
				SWIFT_VERSION = 4.0;
				TARGETED_DEVICE_FAMILY = 1;
			};
			name = Debug;
		};
		BDC312B9202A97AE00AAE6E7 /* Release */ = {
			isa = XCBuildConfiguration;
			baseConfigurationReference = 9A9240B0BBC18FB6FDF9B76D /* Pods-SwiftPushTransition.release.xcconfig */;
			buildSettings = {
				ASSETCATALOG_COMPILER_APPICON_NAME = AppIcon;
				ASSETCATALOG_COMPILER_LAUNCHIMAGE_NAME = LaunchImage;
				CLANG_ENABLE_MODULES = YES;
				CODE_SIGN_STYLE = Automatic;
				DEVELOPMENT_TEAM = W5J4296433;
				INFOPLIST_FILE = SwiftPushTransition/Info.plist;
				IPHONEOS_DEPLOYMENT_TARGET = 8.0;
				LD_RUNPATH_SEARCH_PATHS = "$(inherited) @executable_path/Frameworks";
				PRODUCT_BUNDLE_IDENTIFIER = com.ios.SwiftPushTransition;
				PRODUCT_NAME = "$(TARGET_NAME)";
				SWIFT_OBJC_BRIDGING_HEADER = "SwiftPushTransition/SwiftPushTransition-Bridging-Header.h";
				SWIFT_VERSION = 4.0;
				TARGETED_DEVICE_FAMILY = 1;
			};
			name = Release;
		};
/* End XCBuildConfiguration section */

/* Begin XCConfigurationList section */
		BDC312A0202A97AE00AAE6E7 /* Build configuration list for PBXProject "SwiftPushTransition" */ = {
			isa = XCConfigurationList;
			buildConfigurations = (
				BDC312B5202A97AE00AAE6E7 /* Debug */,
				BDC312B6202A97AE00AAE6E7 /* Release */,
			);
			defaultConfigurationIsVisible = 0;
			defaultConfigurationName = Release;
		};
		BDC312B7202A97AE00AAE6E7 /* Build configuration list for PBXNativeTarget "SwiftPushTransition" */ = {
			isa = XCConfigurationList;
			buildConfigurations = (
				BDC312B8202A97AE00AAE6E7 /* Debug */,
				BDC312B9202A97AE00AAE6E7 /* Release */,
			);
			defaultConfigurationIsVisible = 0;
			defaultConfigurationName = Release;
		};
/* End XCConfigurationList section */
	};
	rootObject = BDC3129D202A97AE00AAE6E7 /* Project object */;
}
